
Microsoft Visual Studio Solution File, Format Version 12.00
# Visual Studio Version 17
VisualStudioVersion = 17.0.31717.71
MinimumVisualStudioVersion = 10.0.40219.1
Project("{FAE04EC0-301F-11D3-BF4B-00C04F79EFBC}") = "RestfullAPI", "RestfullAPI.csproj", "{9901E37C-9592-4775-81E3-2B6A004B9869}"
EndProject
Global
	GlobalSection(SolutionConfigurationPlatforms) = preSolution
		Debug|Any CPU = Debug|Any CPU
		Release|Any CPU = Release|Any CPU
	EndGlobalSection
	GlobalSection(ProjectConfigurationPlatforms) = postSolution
		{9901E37C-9592-4775-81E3-2B6A004B9869}.Debug|Any CPU.ActiveCfg = Debug|Any CPU
		{9901E37C-9592-4775-81E3-2B6A004B9869}.Debug|Any CPU.Build.0 = Debug|Any CPU
		{9901E37C-9592-4775-81E3-2B6A004B9869}.Release|Any CPU.ActiveCfg = Release|Any CPU
		{9901E37C-9592-4775-81E3-2B6A004B9869}.Release|Any CPU.Build.0 = Release|Any CPU
	EndGlobalSection
	GlobalSection(SolutionProperties) = preSolution
		HideSolutionNode = FALSE
	EndGlobalSection
	GlobalSection(ExtensibilityGlobals) = postSolution
		SolutionGuid = {E9DA99CC-7EF5-4E4D-9050-ACAB2EBE5ECC}
	EndGlobalSection
EndGlobal
