
Microsoft Visual Studio Solution File, Format Version 12.00
# Visual Studio Version 17
VisualStudioVersion = 17.0.31808.319
MinimumVisualStudioVersion = 10.0.40219.1
Project("{2150E333-8FDC-42A3-9474-1A3956D46DE8}") = "DB SCRIPTS", "DB SCRIPTS", "{372AA1B2-3AE5-4053-BC41-336A12E065D2}"
	ProjectSection(SolutionItems) = preProject
		CREATE TABLES.sql = CREATE TABLES.sql
	EndProjectSection
EndProject
Project("{9A19103F-16F7-4668-BE54-9A1E7A4F7556}") = "FrontEnd", "FrontEnd\FrontEnd.csproj", "{0C091E21-E99C-4D8D-A758-7CB28FCE4841}"
EndProject
Project("{9A19103F-16F7-4668-BE54-9A1E7A4F7556}") = "AuthServer", "AuthServer\AuthServer.csproj", "{FEAE9725-0D15-4BBD-B25B-82710A6965C6}"
EndProject
Project("{9A19103F-16F7-4668-BE54-9A1E7A4F7556}") = "RestfullAPI", "RESTfullAPI\RestfullAPI.csproj", "{4644A838-BF0E-435E-B133-5DC684ECC38E}"
EndProject
Project("{9A19103F-16F7-4668-BE54-9A1E7A4F7556}") = "TP1.Domain", "TP1.Domain\TP1.Domain.csproj", "{867EF5E3-5AC9-4C6A-9D67-AE4746911974}"
EndProject
Global
	GlobalSection(SolutionConfigurationPlatforms) = preSolution
		Debug|Any CPU = Debug|Any CPU
		Release|Any CPU = Release|Any CPU
	EndGlobalSection
	GlobalSection(ProjectConfigurationPlatforms) = postSolution
		{0C091E21-E99C-4D8D-A758-7CB28FCE4841}.Debug|Any CPU.ActiveCfg = Debug|Any CPU
		{0C091E21-E99C-4D8D-A758-7CB28FCE4841}.Debug|Any CPU.Build.0 = Debug|Any CPU
		{0C091E21-E99C-4D8D-A758-7CB28FCE4841}.Release|Any CPU.ActiveCfg = Release|Any CPU
		{0C091E21-E99C-4D8D-A758-7CB28FCE4841}.Release|Any CPU.Build.0 = Release|Any CPU
		{FEAE9725-0D15-4BBD-B25B-82710A6965C6}.Debug|Any CPU.ActiveCfg = Debug|Any CPU
		{FEAE9725-0D15-4BBD-B25B-82710A6965C6}.Debug|Any CPU.Build.0 = Debug|Any CPU
		{FEAE9725-0D15-4BBD-B25B-82710A6965C6}.Release|Any CPU.ActiveCfg = Release|Any CPU
		{FEAE9725-0D15-4BBD-B25B-82710A6965C6}.Release|Any CPU.Build.0 = Release|Any CPU
		{4644A838-BF0E-435E-B133-5DC684ECC38E}.Debug|Any CPU.ActiveCfg = Debug|Any CPU
		{4644A838-BF0E-435E-B133-5DC684ECC38E}.Debug|Any CPU.Build.0 = Debug|Any CPU
		{4644A838-BF0E-435E-B133-5DC684ECC38E}.Release|Any CPU.ActiveCfg = Release|Any CPU
		{4644A838-BF0E-435E-B133-5DC684ECC38E}.Release|Any CPU.Build.0 = Release|Any CPU
		{867EF5E3-5AC9-4C6A-9D67-AE4746911974}.Debug|Any CPU.ActiveCfg = Debug|Any CPU
		{867EF5E3-5AC9-4C6A-9D67-AE4746911974}.Debug|Any CPU.Build.0 = Debug|Any CPU
		{867EF5E3-5AC9-4C6A-9D67-AE4746911974}.Release|Any CPU.ActiveCfg = Release|Any CPU
		{867EF5E3-5AC9-4C6A-9D67-AE4746911974}.Release|Any CPU.Build.0 = Release|Any CPU
	EndGlobalSection
	GlobalSection(SolutionProperties) = preSolution
		HideSolutionNode = FALSE
	EndGlobalSection
	GlobalSection(ExtensibilityGlobals) = postSolution
		SolutionGuid = {E9DA99CC-7EF5-4E4D-9050-ACAB2EBE5ECC}
	EndGlobalSection
EndGlobal
